{
  "name": "zacks-bridge",
  "version": "1.0.0",
  "lockfileVersion": 3,
  "requires": true,
  "packages": {
    "": {
      "name": "zacks-bridge",
      "version": "1.0.0",
      "license": "ISC",
      "dependencies": {
        "zacks-api": "github:Brett550/zacks-api"
      }
    },
    "node_modules/zacks-api": {
      "version": "1.0.4",
      "resolved": "git+ssh://git@github.com/Brett550/zacks-api.git#0be474a01ac801d50d4f9d4d5330a2106fc252d6",
      "license": "MIT",
      "bin": {
        "zacks-api": "index.js"
      }
    }
  }
}
